
Microsoft Visual Studio Solution File, Format Version 12.00
# Visual Studio 15
VisualStudioVersion = 15.0.28010.2050
MinimumVisualStudioVersion = 10.0.40219.1
Project("{FAE04EC0-301F-11D3-BF4B-00C04F79EFBC}") = "tasker", "tasker\tasker.csproj", "{EFD472BA-7A54-4D46-887C-BD57A669F097}"
EndProject
Global
	GlobalSection(SolutionConfigurationPlatforms) = preSolution
		Debug|Any CPU = Debug|Any CPU
		Release|Any CPU = Release|Any CPU
	EndGlobalSection
	GlobalSection(ProjectConfigurationPlatforms) = postSolution
		{EFD472BA-7A54-4D46-887C-BD57A669F097}.Debug|Any CPU.ActiveCfg = Debug|Any CPU
		{EFD472BA-7A54-4D46-887C-BD57A669F097}.Debug|Any CPU.Build.0 = Debug|Any CPU
		{EFD472BA-7A54-4D46-887C-BD57A669F097}.Release|Any CPU.ActiveCfg = Release|Any CPU
		{EFD472BA-7A54-4D46-887C-BD57A669F097}.Release|Any CPU.Build.0 = Release|Any CPU
	EndGlobalSection
	GlobalSection(SolutionProperties) = preSolution
		HideSolutionNode = FALSE
	EndGlobalSection
	GlobalSection(ExtensibilityGlobals) = postSolution
		SolutionGuid = {9AE9F296-7EFC-4B6B-8340-EAA0D89B4A60}
	EndGlobalSection
EndGlobal
